// !$*UTF8*$!
{
	archiveVersion = 1;
	classes = {
	};
	objectVersion = 46;
	objects = {

/* Begin PBXBuildFile section */
		4C42355E1AE93F4C00CE86A6 /* Colors.swift in Sources */ = {isa = PBXBuildFile; fileRef = 4C42355D1AE93F4C00CE86A6 /* Colors.swift */; };
		4CD59B081AC5ED7500ED4324 /* AppDelegate.swift in Sources */ = {isa = PBXBuildFile; fileRef = 4CD59B071AC5ED7500ED4324 /* AppDelegate.swift */; };
		4CD59B0B1AC5ED7500ED4324 /* PathLogger.xcdatamodeld in Sources */ = {isa = PBXBuildFile; fileRef = 4CD59B091AC5ED7500ED4324 /* PathLogger.xcdatamodeld */; };
		4CD59B0D1AC5ED7500ED4324 /* ViewController.swift in Sources */ = {isa = PBXBuildFile; fileRef = 4CD59B0C1AC5ED7500ED4324 /* ViewController.swift */; };
		4CD59B101AC5ED7500ED4324 /* Main.storyboard in Resources */ = {isa = PBXBuildFile; fileRef = 4CD59B0E1AC5ED7500ED4324 /* Main.storyboard */; };
		4CD59B121AC5ED7500ED4324 /* Images.xcassets in Resources */ = {isa = PBXBuildFile; fileRef = 4CD59B111AC5ED7500ED4324 /* Images.xcassets */; };
		4CD59B211AC5ED7500ED4324 /* PathLoggerTests.swift in Sources */ = {isa = PBXBuildFile; fileRef = 4CD59B201AC5ED7500ED4324 /* PathLoggerTests.swift */; };
		4CD59B2B1AC5EDB500ED4324 /* MapKit.framework in Frameworks */ = {isa = PBXBuildFile; fileRef = 4CD59B2A1AC5EDB500ED4324 /* MapKit.framework */; };
		4CD59B2D1AC5EDE900ED4324 /* CoreData.framework in Frameworks */ = {isa = PBXBuildFile; fileRef = 4CD59B2C1AC5EDE900ED4324 /* CoreData.framework */; };
		4CD59B2F1AC5EDEF00ED4324 /* CoreGraphics.framework in Frameworks */ = {isa = PBXBuildFile; fileRef = 4CD59B2E1AC5EDEF00ED4324 /* CoreGraphics.framework */; };
		4CD59B311AC5EDF700ED4324 /* CoreLocation.framework in Frameworks */ = {isa = PBXBuildFile; fileRef = 4CD59B301AC5EDF700ED4324 /* CoreLocation.framework */; };
		4CFB99D31AC5F4EA00913A3C /* ionicons.ttf in Resources */ = {isa = PBXBuildFile; fileRef = 4CFB99D21AC5F4EA00913A3C /* ionicons.ttf */; };
		4CFB99D41AC5F4EA00913A3C /* ionicons.ttf in Resources */ = {isa = PBXBuildFile; fileRef = 4CFB99D21AC5F4EA00913A3C /* ionicons.ttf */; };
		4CFB99D71AC601C200913A3C /* UIColorExtension.swift in Sources */ = {isa = PBXBuildFile; fileRef = 4CFB99D61AC601C200913A3C /* UIColorExtension.swift */; };
		4CFB99D81AC601C200913A3C /* UIColorExtension.swift in Sources */ = {isa = PBXBuildFile; fileRef = 4CFB99D61AC601C200913A3C /* UIColorExtension.swift */; };
		4CFB99DA1AC615C600913A3C /* PathManagerViewController.swift in Sources */ = {isa = PBXBuildFile; fileRef = 4CFB99D91AC615C600913A3C /* PathManagerViewController.swift */; };
		4CFB99DB1AC615C600913A3C /* PathManagerViewController.swift in Sources */ = {isa = PBXBuildFile; fileRef = 4CFB99D91AC615C600913A3C /* PathManagerViewController.swift */; };
		4CFB99DD1AC61A6700913A3C /* DistanceCalculator.swift in Sources */ = {isa = PBXBuildFile; fileRef = 4CFB99DC1AC61A6700913A3C /* DistanceCalculator.swift */; };
		4CFB99DE1AC61A6700913A3C /* DistanceCalculator.swift in Sources */ = {isa = PBXBuildFile; fileRef = 4CFB99DC1AC61A6700913A3C /* DistanceCalculator.swift */; };
		4CFB99E11AC61C4000913A3C /* PathManager.swift in Sources */ = {isa = PBXBuildFile; fileRef = 4CFB99E01AC61C4000913A3C /* PathManager.swift */; };
		4CFB99E21AC61C4000913A3C /* PathManager.swift in Sources */ = {isa = PBXBuildFile; fileRef = 4CFB99E01AC61C4000913A3C /* PathManager.swift */; };
		4CFB99E41AC61C9600913A3C /* Path.swift in Sources */ = {isa = PBXBuildFile; fileRef = 4CFB99E31AC61C9600913A3C /* Path.swift */; };
		4CFB99E51AC61C9600913A3C /* Path.swift in Sources */ = {isa = PBXBuildFile; fileRef = 4CFB99E31AC61C9600913A3C /* Path.swift */; };
/* End PBXBuildFile section */

/* Begin PBXContainerItemProxy section */
		4CD59B1B1AC5ED7500ED4324 /* PBXContainerItemProxy */ = {
			isa = PBXContainerItemProxy;
			containerPortal = 4CD59AFA1AC5ED7500ED4324 /* Project object */;
			proxyType = 1;
			remoteGlobalIDString = 4CD59B011AC5ED7500ED4324;
			remoteInfo = PathLogger;
		};
/* End PBXContainerItemProxy section */

/* Begin PBXFileReference section */
		4C42355D1AE93F4C00CE86A6 /* Colors.swift */ = {isa = PBXFileReference; fileEncoding = 4; lastKnownFileType = sourcecode.swift; path = Colors.swift; sourceTree = "<group>"; };
		4CD59B021AC5ED7500ED4324 /* PathLogger.app */ = {isa = PBXFileReference; explicitFileType = wrapper.application; includeInIndex = 0; path = PathLogger.app; sourceTree = BUILT_PRODUCTS_DIR; };
		4CD59B061AC5ED7500ED4324 /* Info.plist */ = {isa = PBXFileReference; lastKnownFileType = text.plist.xml; path = Info.plist; sourceTree = "<group>"; };
		4CD59B071AC5ED7500ED4324 /* AppDelegate.swift */ = {isa = PBXFileReference; lastKnownFileType = sourcecode.swift; path = AppDelegate.swift; sourceTree = "<group>"; };
		4CD59B0A1AC5ED7500ED4324 /* PathLogger.xcdatamodel */ = {isa = PBXFileReference; lastKnownFileType = wrapper.xcdatamodel; path = PathLogger.xcdatamodel; sourceTree = "<group>"; };
		4CD59B0C1AC5ED7500ED4324 /* ViewController.swift */ = {isa = PBXFileReference; lastKnownFileType = sourcecode.swift; path = ViewController.swift; sourceTree = "<group>"; };
		4CD59B0F1AC5ED7500ED4324 /* Base */ = {isa = PBXFileReference; lastKnownFileType = file.storyboard; name = Base; path = Base.lproj/Main.storyboard; sourceTree = "<group>"; };
		4CD59B111AC5ED7500ED4324 /* Images.xcassets */ = {isa = PBXFileReference; lastKnownFileType = folder.assetcatalog; path = Images.xcassets; sourceTree = "<group>"; };
		4CD59B1A1AC5ED7500ED4324 /* PathLoggerTests.xctest */ = {isa = PBXFileReference; explicitFileType = wrapper.cfbundle; includeInIndex = 0; path = PathLoggerTests.xctest; sourceTree = BUILT_PRODUCTS_DIR; };
		4CD59B1F1AC5ED7500ED4324 /* Info.plist */ = {isa = PBXFileReference; lastKnownFileType = text.plist.xml; path = Info.plist; sourceTree = "<group>"; };
		4CD59B201AC5ED7500ED4324 /* PathLoggerTests.swift */ = {isa = PBXFileReference; lastKnownFileType = sourcecode.swift; path = PathLoggerTests.swift; sourceTree = "<group>"; };
		4CD59B2A1AC5EDB500ED4324 /* MapKit.framework */ = {isa = PBXFileReference; lastKnownFileType = wrapper.framework; name = MapKit.framework; path = System/Library/Frameworks/MapKit.framework; sourceTree = SDKROOT; };
		4CD59B2C1AC5EDE900ED4324 /* CoreData.framework */ = {isa = PBXFileReference; lastKnownFileType = wrapper.framework; name = CoreData.framework; path = System/Library/Frameworks/CoreData.framework; sourceTree = SDKROOT; };
		4CD59B2E1AC5EDEF00ED4324 /* CoreGraphics.framework */ = {isa = PBXFileReference; lastKnownFileType = wrapper.framework; name = CoreGraphics.framework; path = System/Library/Frameworks/CoreGraphics.framework; sourceTree = SDKROOT; };
		4CD59B301AC5EDF700ED4324 /* CoreLocation.framework */ = {isa = PBXFileReference; lastKnownFileType = wrapper.framework; name = CoreLocation.framework; path = System/Library/Frameworks/CoreLocation.framework; sourceTree = SDKROOT; };
		4CFB99D21AC5F4EA00913A3C /* ionicons.ttf */ = {isa = PBXFileReference; lastKnownFileType = file; path = ionicons.ttf; sourceTree = "<group>"; };
		4CFB99D61AC601C200913A3C /* UIColorExtension.swift */ = {isa = PBXFileReference; fileEncoding = 4; lastKnownFileType = sourcecode.swift; path = UIColorExtension.swift; sourceTree = "<group>"; };
		4CFB99D91AC615C600913A3C /* PathManagerViewController.swift */ = {isa = PBXFileReference; fileEncoding = 4; lastKnownFileType = sourcecode.swift; path = PathManagerViewController.swift; sourceTree = "<group>"; };
		4CFB99DC1AC61A6700913A3C /* DistanceCalculator.swift */ = {isa = PBXFileReference; fileEncoding = 4; lastKnownFileType = sourcecode.swift; path = DistanceCalculator.swift; sourceTree = "<group>"; };
		4CFB99E01AC61C4000913A3C /* PathManager.swift */ = {isa = PBXFileReference; fileEncoding = 4; lastKnownFileType = sourcecode.swift; path = PathManager.swift; sourceTree = "<group>"; };
		4CFB99E31AC61C9600913A3C /* Path.swift */ = {isa = PBXFileReference; fileEncoding = 4; lastKnownFileType = sourcecode.swift; path = Path.swift; sourceTree = "<group>"; };
/* End PBXFileReference section */

/* Begin PBXFrameworksBuildPhase section */
		4CD59AFF1AC5ED7500ED4324 /* Frameworks */ = {
			isa = PBXFrameworksBuildPhase;
			buildActionMask = 2147483647;
			files = (
				4CD59B311AC5EDF700ED4324 /* CoreLocation.framework in Frameworks */,
				4CD59B2F1AC5EDEF00ED4324 /* CoreGraphics.framework in Frameworks */,
				4CD59B2D1AC5EDE900ED4324 /* CoreData.framework in Frameworks */,
				4CD59B2B1AC5EDB500ED4324 /* MapKit.framework in Frameworks */,
			);
			runOnlyForDeploymentPostprocessing = 0;
		};
		4CD59B171AC5ED7500ED4324 /* Frameworks */ = {
			isa = PBXFrameworksBuildPhase;
			buildActionMask = 2147483647;
			files = (
			);
			runOnlyForDeploymentPostprocessing = 0;
		};
/* End PBXFrameworksBuildPhase section */

/* Begin PBXGroup section */
		4C42355F1AE93F5400CE86A6 /* Support */ = {
			isa = PBXGroup;
			children = (
				4C42355D1AE93F4C00CE86A6 /* Colors.swift */,
			);
			name = Support;
			sourceTree = "<group>";
		};
		4CD59AF91AC5ED7500ED4324 = {
			isa = PBXGroup;
			children = (
				4CFB99D51AC5F4F800913A3C /* Fonts */,
				4CD59B321AC5EE0500ED4324 /* Frameworks */,
				4CD59B041AC5ED7500ED4324 /* PathLogger */,
				4CD59B1D1AC5ED7500ED4324 /* PathLoggerTests */,
				4CD59B031AC5ED7500ED4324 /* Products */,
			);
			sourceTree = "<group>";
		};
		4CD59B031AC5ED7500ED4324 /* Products */ = {
			isa = PBXGroup;
			children = (
				4CD59B021AC5ED7500ED4324 /* PathLogger.app */,
				4CD59B1A1AC5ED7500ED4324 /* PathLoggerTests.xctest */,
			);
			name = Products;
			sourceTree = "<group>";
		};
		4CD59B041AC5ED7500ED4324 /* PathLogger */ = {
			isa = PBXGroup;
			children = (
				4CFB99DF1AC61A6E00913A3C /* Model */,
				4CD59B071AC5ED7500ED4324 /* AppDelegate.swift */,
				4C42355F1AE93F5400CE86A6 /* Support */,
				4CD59B0C1AC5ED7500ED4324 /* ViewController.swift */,
				4CFB99D91AC615C600913A3C /* PathManagerViewController.swift */,
				4CD59B0E1AC5ED7500ED4324 /* Main.storyboard */,
				4CD59B111AC5ED7500ED4324 /* Images.xcassets */,
				4CD59B091AC5ED7500ED4324 /* PathLogger.xcdatamodeld */,
				4CD59B051AC5ED7500ED4324 /* Supporting Files */,
			);
			path = PathLogger;
			sourceTree = "<group>";
		};
		4CD59B051AC5ED7500ED4324 /* Supporting Files */ = {
			isa = PBXGroup;
			children = (
				4CD59B061AC5ED7500ED4324 /* Info.plist */,
			);
			name = "Supporting Files";
			sourceTree = "<group>";
		};
		4CD59B1D1AC5ED7500ED4324 /* PathLoggerTests */ = {
			isa = PBXGroup;
			children = (
				4CD59B201AC5ED7500ED4324 /* PathLoggerTests.swift */,
				4CD59B1E1AC5ED7500ED4324 /* Supporting Files */,
			);
			path = PathLoggerTests;
			sourceTree = "<group>";
		};
		4CD59B1E1AC5ED7500ED4324 /* Supporting Files */ = {
			isa = PBXGroup;
			children = (
				4CD59B1F1AC5ED7500ED4324 /* Info.plist */,
			);
			name = "Supporting Files";
			sourceTree = "<group>";
		};
		4CD59B321AC5EE0500ED4324 /* Frameworks */ = {
			isa = PBXGroup;
			children = (
				4CFB99D61AC601C200913A3C /* UIColorExtension.swift */,
				4CD59B301AC5EDF700ED4324 /* CoreLocation.framework */,
				4CD59B2E1AC5EDEF00ED4324 /* CoreGraphics.framework */,
				4CD59B2C1AC5EDE900ED4324 /* CoreData.framework */,
				4CD59B2A1AC5EDB500ED4324 /* MapKit.framework */,
			);
			name = Frameworks;
			sourceTree = "<group>";
		};
		4CFB99D51AC5F4F800913A3C /* Fonts */ = {
			isa = PBXGroup;
			children = (
				4CFB99D21AC5F4EA00913A3C /* ionicons.ttf */,
			);
			name = Fonts;
			path = PathLogger;
			sourceTree = "<group>";
		};
		4CFB99DF1AC61A6E00913A3C /* Model */ = {
			isa = PBXGroup;
			children = (
				4CFB99DC1AC61A6700913A3C /* DistanceCalculator.swift */,
				4CFB99E01AC61C4000913A3C /* PathManager.swift */,
				4CFB99E31AC61C9600913A3C /* Path.swift */,
			);
			name = Model;
			sourceTree = "<group>";
		};
/* End PBXGroup section */

/* Begin PBXNativeTarget section */
		4CD59B011AC5ED7500ED4324 /* PathLogger */ = {
			isa = PBXNativeTarget;
			buildConfigurationList = 4CD59B241AC5ED7500ED4324 /* Build configuration list for PBXNativeTarget "PathLogger" */;
			buildPhases = (
				4CD59AFE1AC5ED7500ED4324 /* Sources */,
				4CD59AFF1AC5ED7500ED4324 /* Frameworks */,
				4CD59B001AC5ED7500ED4324 /* Resources */,
			);
			buildRules = (
			);
			dependencies = (
			);
			name = PathLogger;
			productName = PathLogger;
			productReference = 4CD59B021AC5ED7500ED4324 /* PathLogger.app */;
			productType = "com.apple.product-type.application";
		};
		4CD59B191AC5ED7500ED4324 /* PathLoggerTests */ = {
			isa = PBXNativeTarget;
			buildConfigurationList = 4CD59B271AC5ED7500ED4324 /* Build configuration list for PBXNativeTarget "PathLoggerTests" */;
			buildPhases = (
				4CD59B161AC5ED7500ED4324 /* Sources */,
				4CD59B171AC5ED7500ED4324 /* Frameworks */,
				4CD59B181AC5ED7500ED4324 /* Resources */,
			);
			buildRules = (
			);
			dependencies = (
				4CD59B1C1AC5ED7500ED4324 /* PBXTargetDependency */,
			);
			name = PathLoggerTests;
			productName = PathLoggerTests;
			productReference = 4CD59B1A1AC5ED7500ED4324 /* PathLoggerTests.xctest */;
			productType = "com.apple.product-type.bundle.unit-test";
		};
/* End PBXNativeTarget section */

/* Begin PBXProject section */
		4CD59AFA1AC5ED7500ED4324 /* Project object */ = {
			isa = PBXProject;
			attributes = {
				LastUpgradeCheck = 0630;
				ORGANIZATIONNAME = "Eugen Pirogoff";
				TargetAttributes = {
					4CD59B011AC5ED7500ED4324 = {
						CreatedOnToolsVersion = 6.3;
						DevelopmentTeam = 6E5RVX7ELK;
						SystemCapabilities = {
							com.apple.BackgroundModes = {
								enabled = 1;
							};
							com.apple.Maps.iOS = {
								enabled = 1;
							};
						};
					};
					4CD59B191AC5ED7500ED4324 = {
						CreatedOnToolsVersion = 6.3;
						TestTargetID = 4CD59B011AC5ED7500ED4324;
					};
				};
			};
			buildConfigurationList = 4CD59AFD1AC5ED7500ED4324 /* Build configuration list for PBXProject "PathLogger" */;
			compatibilityVersion = "Xcode 3.2";
			developmentRegion = English;
			hasScannedForEncodings = 0;
			knownRegions = (
				en,
				Base,
			);
			mainGroup = 4CD59AF91AC5ED7500ED4324;
			productRefGroup = 4CD59B031AC5ED7500ED4324 /* Products */;
			projectDirPath = "";
			projectRoot = "";
			targets = (
				4CD59B011AC5ED7500ED4324 /* PathLogger */,
				4CD59B191AC5ED7500ED4324 /* PathLoggerTests */,
			);
		};
/* End PBXProject section */

/* Begin PBXResourcesBuildPhase section */
		4CD59B001AC5ED7500ED4324 /* Resources */ = {
			isa = PBXResourcesBuildPhase;
			buildActionMask = 2147483647;
			files = (
				4CFB99D31AC5F4EA00913A3C /* ionicons.ttf in Resources */,
				4CD59B101AC5ED7500ED4324 /* Main.storyboard in Resources */,
				4CD59B121AC5ED7500ED4324 /* Images.xcassets in Resources */,
			);
			runOnlyForDeploymentPostprocessing = 0;
		};
		4CD59B181AC5ED7500ED4324 /* Resources */ = {
			isa = PBXResourcesBuildPhase;
			buildActionMask = 2147483647;
			files = (
				4CFB99D41AC5F4EA00913A3C /* ionicons.ttf in Resources */,
			);
			runOnlyForDeploymentPostprocessing = 0;
		};
/* End PBXResourcesBuildPhase section */

/* Begin PBXSourcesBuildPhase section */
		4CD59AFE1AC5ED7500ED4324 /* Sources */ = {
			isa = PBXSourcesBuildPhase;
			buildActionMask = 2147483647;
			files = (
				4CFB99E11AC61C4000913A3C /* PathManager.swift in Sources */,
				4C42355E1AE93F4C00CE86A6 /* Colors.swift in Sources */,
				4CFB99DD1AC61A6700913A3C /* DistanceCalculator.swift in Sources */,
				4CFB99E41AC61C9600913A3C /* Path.swift in Sources */,
				4CD59B0D1AC5ED7500ED4324 /* ViewController.swift in Sources */,
				4CD59B0B1AC5ED7500ED4324 /* PathLogger.xcdatamodeld in Sources */,
				4CFB99DA1AC615C600913A3C /* PathManagerViewController.swift in Sources */,
				4CD59B081AC5ED7500ED4324 /* AppDelegate.swift in Sources */,
				4CFB99D71AC601C200913A3C /* UIColorExtension.swift in Sources */,
			);
			runOnlyForDeploymentPostprocessing = 0;
		};
		4CD59B161AC5ED7500ED4324 /* Sources */ = {
			isa = PBXSourcesBuildPhase;
			buildActionMask = 2147483647;
			files = (
				4CFB99DE1AC61A6700913A3C /* DistanceCalculator.swift in Sources */,
				4CFB99DB1AC615C600913A3C /* PathManagerViewController.swift in Sources */,
				4CD59B211AC5ED7500ED4324 /* PathLoggerTests.swift in Sources */,
				4CFB99E21AC61C4000913A3C /* PathManager.swift in Sources */,
				4CFB99E51AC61C9600913A3C /* Path.swift in Sources */,
				4CFB99D81AC601C200913A3C /* UIColorExtension.swift in Sources */,
			);
			runOnlyForDeploymentPostprocessing = 0;
		};
/* End PBXSourcesBuildPhase section */

/* Begin PBXTargetDependency section */
		4CD59B1C1AC5ED7500ED4324 /* PBXTargetDependency */ = {
			isa = PBXTargetDependency;
			target = 4CD59B011AC5ED7500ED4324 /* PathLogger */;
			targetProxy = 4CD59B1B1AC5ED7500ED4324 /* PBXContainerItemProxy */;
		};
/* End PBXTargetDependency section */

/* Begin PBXVariantGroup section */
		4CD59B0E1AC5ED7500ED4324 /* Main.storyboard */ = {
			isa = PBXVariantGroup;
			children = (
				4CD59B0F1AC5ED7500ED4324 /* Base */,
			);
			name = Main.storyboard;
			sourceTree = "<group>";
		};
/* End PBXVariantGroup section */

/* Begin XCBuildConfiguration section */
		4CD59B221AC5ED7500ED4324 /* Debug */ = {
			isa = XCBuildConfiguration;
			buildSettings = {
				ALWAYS_SEARCH_USER_PATHS = NO;
				CLANG_CXX_LANGUAGE_STANDARD = "gnu++0x";
				CLANG_CXX_LIBRARY = "libc++";
				CLANG_ENABLE_MODULES = YES;
				CLANG_ENABLE_OBJC_ARC = YES;
				CLANG_WARN_BOOL_CONVERSION = YES;
				CLANG_WARN_CONSTANT_CONVERSION = YES;
				CLANG_WARN_DIRECT_OBJC_ISA_USAGE = YES_ERROR;
				CLANG_WARN_EMPTY_BODY = YES;
				CLANG_WARN_ENUM_CONVERSION = YES;
				CLANG_WARN_INT_CONVERSION = YES;
				CLANG_WARN_OBJC_ROOT_CLASS = YES_ERROR;
				CLANG_WARN_UNREACHABLE_CODE = YES;
				CLANG_WARN__DUPLICATE_METHOD_MATCH = YES;
				"CODE_SIGN_IDENTITY[sdk=iphoneos*]" = "iPhone Developer";
				COPY_PHASE_STRIP = NO;
				DEBUG_INFORMATION_FORMAT = "dwarf-with-dsym";
				ENABLE_STRICT_OBJC_MSGSEND = YES;
				GCC_C_LANGUAGE_STANDARD = gnu99;
				GCC_DYNAMIC_NO_PIC = NO;
				GCC_NO_COMMON_BLOCKS = YES;
				GCC_OPTIMIZATION_LEVEL = 0;
				GCC_PREPROCESSOR_DEFINITIONS = (
					"DEBUG=1",
					"$(inherited)",
				);
				GCC_SYMBOLS_PRIVATE_EXTERN = NO;
				GCC_WARN_64_TO_32_BIT_CONVERSION = YES;
				GCC_WARN_ABOUT_RETURN_TYPE = YES_ERROR;
				GCC_WARN_UNDECLARED_SELECTOR = YES;
				GCC_WARN_UNINITIALIZED_AUTOS = YES_AGGRESSIVE;
				GCC_WARN_UNUSED_FUNCTION = YES;
				GCC_WARN_UNUSED_VARIABLE = YES;
				IPHONEOS_DEPLOYMENT_TARGET = 8.3;
				MTL_ENABLE_DEBUG_INFO = YES;
				ONLY_ACTIVE_ARCH = YES;
				SDKROOT = iphoneos;
				SWIFT_OPTIMIZATION_LEVEL = "-Onone";
				TARGETED_DEVICE_FAMILY = "1,2";
			};
			name = Debug;
		};
		4CD59B231AC5ED7500ED4324 /* Release */ = {
			isa = XCBuildConfiguration;
			buildSettings = {
				ALWAYS_SEARCH_USER_PATHS = NO;
				CLANG_CXX_LANGUAGE_STANDARD = "gnu++0x";
				CLANG_CXX_LIBRARY = "libc++";
				CLANG_ENABLE_MODULES = YES;
				CLANG_ENABLE_OBJC_ARC = YES;
				CLANG_WARN_BOOL_CONVERSION = YES;
				CLANG_WARN_CONSTANT_CONVERSION = YES;
				CLANG_WARN_DIRECT_OBJC_ISA_USAGE = YES_ERROR;
				CLANG_WARN_EMPTY_BODY = YES;
				CLANG_WARN_ENUM_CONVERSION = YES;
				CLANG_WARN_INT_CONVERSION = YES;
				CLANG_WARN_OBJC_ROOT_CLASS = YES_ERROR;
				CLANG_WARN_UNREACHABLE_CODE = YES;
				CLANG_WARN__DUPLICATE_METHOD_MATCH = YES;
				"CODE_SIGN_IDENTITY[sdk=iphoneos*]" = "iPhone Developer";
				COPY_PHASE_STRIP = NO;
				DEBUG_INFORMATION_FORMAT = "dwarf-with-dsym";
				ENABLE_NS_ASSERTIONS = NO;
				ENABLE_STRICT_OBJC_MSGSEND = YES;
				GCC_C_LANGUAGE_STANDARD = gnu99;
				GCC_NO_COMMON_BLOCKS = YES;
				GCC_WARN_64_TO_32_BIT_CONVERSION = YES;
				GCC_WARN_ABOUT_RETURN_TYPE = YES_ERROR;
				GCC_WARN_UNDECLARED_SELECTOR = YES;
				GCC_WARN_UNINITIALIZED_AUTOS = YES_AGGRESSIVE;
				GCC_WARN_UNUSED_FUNCTION = YES;
				GCC_WARN_UNUSED_VARIABLE = YES;
				IPHONEOS_DEPLOYMENT_TARGET = 8.3;
				MTL_ENABLE_DEBUG_INFO = NO;
				SDKROOT = iphoneos;
				TARGETED_DEVICE_FAMILY = "1,2";
				VALIDATE_PRODUCT = YES;
			};
			name = Release;
		};
		4CD59B251AC5ED7500ED4324 /* Debug */ = {
			isa = XCBuildConfiguration;
			buildSettings = {
				ASSETCATALOG_COMPILER_APPICON_NAME = AppIcon;
				ASSETCATALOG_COMPILER_LAUNCHIMAGE_NAME = LaunchImage;
				CLANG_ENABLE_MODULES = YES;
				CODE_SIGN_IDENTITY = "iPhone Developer";
				INFOPLIST_FILE = PathLogger/Info.plist;
				IPHONEOS_DEPLOYMENT_TARGET = 8.3;
				LD_RUNPATH_SEARCH_PATHS = "$(inherited) @executable_path/Frameworks";
				PRODUCT_NAME = "$(TARGET_NAME)";
				SWIFT_INSTALL_OBJC_HEADER = NO;
				SWIFT_OPTIMIZATION_LEVEL = "-Onone";
			};
			name = Debug;
		};
		4CD59B261AC5ED7500ED4324 /* Release */ = {
			isa = XCBuildConfiguration;
			buildSettings = {
				ASSETCATALOG_COMPILER_APPICON_NAME = AppIcon;
				ASSETCATALOG_COMPILER_LAUNCHIMAGE_NAME = LaunchImage;
				CLANG_ENABLE_MODULES = YES;
				CODE_SIGN_IDENTITY = "iPhone Developer";
				INFOPLIST_FILE = PathLogger/Info.plist;
				IPHONEOS_DEPLOYMENT_TARGET = 8.3;
				LD_RUNPATH_SEARCH_PATHS = "$(inherited) @executable_path/Frameworks";
				PRODUCT_NAME = "$(TARGET_NAME)";
				SWIFT_INSTALL_OBJC_HEADER = NO;
			};
			name = Release;
		};
		4CD59B281AC5ED7500ED4324 /* Debug */ = {
			isa = XCBuildConfiguration;
			buildSettings = {
				BUNDLE_LOADER = "$(TEST_HOST)";
				FRAMEWORK_SEARCH_PATHS = (
					"$(SDKROOT)/Developer/Library/Frameworks",
					"$(inherited)",
				);
				GCC_PREPROCESSOR_DEFINITIONS = (
					"DEBUG=1",
					"$(inherited)",
				);
				INFOPLIST_FILE = PathLoggerTests/Info.plist;
				LD_RUNPATH_SEARCH_PATHS = "$(inherited) @executable_path/Frameworks @loader_path/Frameworks";
				PRODUCT_NAME = "$(TARGET_NAME)";
				TEST_HOST = "$(BUILT_PRODUCTS_DIR)/PathLogger.app/PathLogger";
			};
			name = Debug;
		};
		4CD59B291AC5ED7500ED4324 /* Release */ = {
			isa = XCBuildConfiguration;
			buildSettings = {
				BUNDLE_LOADER = "$(TEST_HOST)";
				FRAMEWORK_SEARCH_PATHS = (
					"$(SDKROOT)/Developer/Library/Frameworks",
					"$(inherited)",
				);
				INFOPLIST_FILE = PathLoggerTests/Info.plist;
				LD_RUNPATH_SEARCH_PATHS = "$(inherited) @executable_path/Frameworks @loader_path/Frameworks";
				PRODUCT_NAME = "$(TARGET_NAME)";
				TEST_HOST = "$(BUILT_PRODUCTS_DIR)/PathLogger.app/PathLogger";
			};
			name = Release;
		};
/* End XCBuildConfiguration section */

/* Begin XCConfigurationList section */
		4CD59AFD1AC5ED7500ED4324 /* Build configuration list for PBXProject "PathLogger" */ = {
			isa = XCConfigurationList;
			buildConfigurations = (
				4CD59B221AC5ED7500ED4324 /* Debug */,
				4CD59B231AC5ED7500ED4324 /* Release */,
			);
			defaultConfigurationIsVisible = 0;
			defaultConfigurationName = Release;
		};
		4CD59B241AC5ED7500ED4324 /* Build configuration list for PBXNativeTarget "PathLogger" */ = {
			isa = XCConfigurationList;
			buildConfigurations = (
				4CD59B251AC5ED7500ED4324 /* Debug */,
				4CD59B261AC5ED7500ED4324 /* Release */,
			);
			defaultConfigurationIsVisible = 0;
			defaultConfigurationName = Release;
		};
		4CD59B271AC5ED7500ED4324 /* Build configuration list for PBXNativeTarget "PathLoggerTests" */ = {
			isa = XCConfigurationList;
			buildConfigurations = (
				4CD59B281AC5ED7500ED4324 /* Debug */,
				4CD59B291AC5ED7500ED4324 /* Release */,
			);
			defaultConfigurationIsVisible = 0;
			defaultConfigurationName = Release;
		};
/* End XCConfigurationList section */

/* Begin XCVersionGroup section */
		4CD59B091AC5ED7500ED4324 /* PathLogger.xcdatamodeld */ = {
			isa = XCVersionGroup;
			children = (
				4CD59B0A1AC5ED7500ED4324 /* PathLogger.xcdatamodel */,
			);
			currentVersion = 4CD59B0A1AC5ED7500ED4324 /* PathLogger.xcdatamodel */;
			path = PathLogger.xcdatamodeld;
			sourceTree = "<group>";
			versionGroupType = wrapper.xcdatamodel;
		};
/* End XCVersionGroup section */
	};
	rootObject = 4CD59AFA1AC5ED7500ED4324 /* Project object */;
}
